<Solution>
  <Folder Name="/src/" />
  <Folder Name="/src/BuildingBlocks/">
    <Project Path="src/BuildingBlocks/BuildingBlocks/BuildingBlocks.csproj" Id="32a01688-8d48-4475-95aa-42be5e7275c9" />
  </Folder>
  <Folder Name="/src/Modules/" />
  <Folder Name="/src/Modules/User/">
    <Project Path="src/Modules/User/User.Api/User.Api.csproj" />
  </Folder>
  <Project Path="docker-compose.dcproj">
    <Build />
  </Project>
</Solution>
